
Microsoft Visual Studio Solution File, Format Version 12.00
# Visual Studio Version 16
VisualStudioVersion = 16.0.30204.135
MinimumVisualStudioVersion = 10.0.40219.1
Project("{FAE04EC0-301F-11D3-BF4B-00C04F79EFBC}") = "Proy_XML", "FrontEnd\Proy_XML.csproj", "{727A0DA9-3643-48AF-967C-723E65322554}"
EndProject
Global
	GlobalSection(SolutionConfigurationPlatforms) = preSolution
		Debug|Any CPU = Debug|Any CPU
		Release|Any CPU = Release|Any CPU
	EndGlobalSection
	GlobalSection(ProjectConfigurationPlatforms) = postSolution
		{727A0DA9-3643-48AF-967C-723E65322554}.Debug|Any CPU.ActiveCfg = Debug|Any CPU
		{727A0DA9-3643-48AF-967C-723E65322554}.Debug|Any CPU.Build.0 = Debug|Any CPU
		{727A0DA9-3643-48AF-967C-723E65322554}.Release|Any CPU.ActiveCfg = Release|Any CPU
		{727A0DA9-3643-48AF-967C-723E65322554}.Release|Any CPU.Build.0 = Release|Any CPU
	EndGlobalSection
	GlobalSection(SolutionProperties) = preSolution
		HideSolutionNode = FALSE
	EndGlobalSection
	GlobalSection(ExtensibilityGlobals) = postSolution
		SolutionGuid = {773BA694-6DC6-40F9-88F5-C775F4058AD7}
	EndGlobalSection
EndGlobal
